{
    "requires": true,
    "lockfileVersion": 1,
    "dependencies": {
        "bootstrap-show-password-toggle": {
            "version": "1.4.1",
            "resolved": "https://registry.npmjs.org/bootstrap-show-password-toggle/-/bootstrap-show-password-toggle-1.4.1.tgz",
            "integrity": "sha512-VjMHD7s3IJqARU0bSYtx3vJjzpExXExeYaOe57oP7CxYBEAukRw5E/5v4euE/+BYicwP/L47QyNwjzZ2eh62Dg=="
        }
    }
}
